// !$*UTF8*$!
{
	archiveVersion = 1;
	classes = {
	};
	objectVersion = 52;
	objects = {

/* Begin PBXBuildFile section */
		0C0B31ED26D179A20045C9E1 /* AppDelegate.swift in Sources */ = {isa = PBXBuildFile; fileRef = 0C0B31EC26D179A20045C9E1 /* AppDelegate.swift */; };
		0C0B31EF26D179A20045C9E1 /* SceneDelegate.swift in Sources */ = {isa = PBXBuildFile; fileRef = 0C0B31EE26D179A20045C9E1 /* SceneDelegate.swift */; };
		0C0B31F126D179A20045C9E1 /* ViewController.swift in Sources */ = {isa = PBXBuildFile; fileRef = 0C0B31F026D179A20045C9E1 /* ViewController.swift */; };
		0C0B31F426D179A20045C9E1 /* Main.storyboard in Resources */ = {isa = PBXBuildFile; fileRef = 0C0B31F226D179A20045C9E1 /* Main.storyboard */; };
		0C0B31F626D179A70045C9E1 /* Assets.xcassets in Resources */ = {isa = PBXBuildFile; fileRef = 0C0B31F526D179A70045C9E1 /* Assets.xcassets */; };
		0C0B31F926D179A70045C9E1 /* LaunchScreen.storyboard in Resources */ = {isa = PBXBuildFile; fileRef = 0C0B31F726D179A70045C9E1 /* LaunchScreen.storyboard */; };
		0C0E6318260186C700A0DF40 /* Pulse Demo watchOS.app in Embed Watch Content */ = {isa = PBXBuildFile; fileRef = 0CEAB3DA25FE862D00F09B0F /* Pulse Demo watchOS.app */; settings = {ATTRIBUTES = (RemoveHeadersOnCopy, ); }; };
		0C43FFF4280B492500DD4458 /* PulseCore in Frameworks */ = {isa = PBXBuildFile; productRef = 0C43FFF3280B492500DD4458 /* PulseCore */; };
		0C43FFF6280B492500DD4458 /* PulseUI in Frameworks */ = {isa = PBXBuildFile; productRef = 0C43FFF5280B492500DD4458 /* PulseUI */; };
		0C4719242707EFD5008DB813 /* contributors.json in Resources */ = {isa = PBXBuildFile; fileRef = 0C4719232707EFD5008DB813 /* contributors.json */; };
		0C4719252707EFD5008DB813 /* contributors.json in Resources */ = {isa = PBXBuildFile; fileRef = 0C4719232707EFD5008DB813 /* contributors.json */; };
		0C4719262707EFD5008DB813 /* contributors.json in Resources */ = {isa = PBXBuildFile; fileRef = 0C4719232707EFD5008DB813 /* contributors.json */; };
		0C4719272707EFD5008DB813 /* contributors.json in Resources */ = {isa = PBXBuildFile; fileRef = 0C4719232707EFD5008DB813 /* contributors.json */; };
		0C516FE126015E8E004813B4 /* MockStore.swift in Sources */ = {isa = PBXBuildFile; fileRef = 0CD2A4AB25D4A2E70087E9E3 /* MockStore.swift */; };
		0C516FE226015E8E004813B4 /* MockDataTask.swift in Sources */ = {isa = PBXBuildFile; fileRef = 0CD2A4AC25D4A2E70087E9E3 /* MockDataTask.swift */; };
		0C516FE726015ED3004813B4 /* repos.json in Resources */ = {isa = PBXBuildFile; fileRef = 0CFF9BD825D6199A0069DB6A /* repos.json */; };
		0C516FF026016392004813B4 /* DocumentBrowser.swift in Sources */ = {isa = PBXBuildFile; fileRef = 0C516FEF26016392004813B4 /* DocumentBrowser.swift */; };
		0C57AD83245F0F38005B3400 /* Assets.xcassets in Resources */ = {isa = PBXBuildFile; fileRef = 0C57AD74245F0F38005B3400 /* Assets.xcassets */; };
		0C57AD84245F0F38005B3400 /* LaunchScreen.storyboard in Resources */ = {isa = PBXBuildFile; fileRef = 0C57AD75245F0F38005B3400 /* LaunchScreen.storyboard */; };
		0C57AD85245F0F38005B3400 /* AppDelegate.swift in Sources */ = {isa = PBXBuildFile; fileRef = 0C57AD77245F0F38005B3400 /* AppDelegate.swift */; };
		0C57AD87245F0F38005B3400 /* SceneDelegate.swift in Sources */ = {isa = PBXBuildFile; fileRef = 0C57AD79245F0F38005B3400 /* SceneDelegate.swift */; };
		0C602289280C784A003B1E83 /* PulseCore in Frameworks */ = {isa = PBXBuildFile; productRef = 0C602288280C784A003B1E83 /* PulseCore */; };
		0C60228B280C784A003B1E83 /* PulseUI in Frameworks */ = {isa = PBXBuildFile; productRef = 0C60228A280C784A003B1E83 /* PulseUI */; };
		0C60228D280C78B4003B1E83 /* PulseCore in Frameworks */ = {isa = PBXBuildFile; productRef = 0C60228C280C78B4003B1E83 /* PulseCore */; };
		0C60228F280C78B4003B1E83 /* PulseUI in Frameworks */ = {isa = PBXBuildFile; productRef = 0C60228E280C78B4003B1E83 /* PulseUI */; };
		0C602291280C78F5003B1E83 /* PulseCore in Frameworks */ = {isa = PBXBuildFile; productRef = 0C602290280C78F5003B1E83 /* PulseCore */; };
		0C602293280C78F5003B1E83 /* PulseUI in Frameworks */ = {isa = PBXBuildFile; productRef = 0C602292280C78F5003B1E83 /* PulseUI */; };
		0C602299280C79E7003B1E83 /* PulseCore in Frameworks */ = {isa = PBXBuildFile; productRef = 0C602298280C79E7003B1E83 /* PulseCore */; };
		0C60229B280C79E7003B1E83 /* PulseUI in Frameworks */ = {isa = PBXBuildFile; productRef = 0C60229A280C79E7003B1E83 /* PulseUI */; };
		0C6460DC25F579B8002C55B1 /* Pulse_tvOSApp.swift in Sources */ = {isa = PBXBuildFile; fileRef = 0C6460D625F579B8002C55B1 /* Pulse_tvOSApp.swift */; };
		0C6460DD25F579B8002C55B1 /* Assets.xcassets in Resources */ = {isa = PBXBuildFile; fileRef = 0C6460D725F579B8002C55B1 /* Assets.xcassets */; };
		0C6460DE25F579B8002C55B1 /* Preview Assets.xcassets in Resources */ = {isa = PBXBuildFile; fileRef = 0C6460D925F579B8002C55B1 /* Preview Assets.xcassets */; };
		0C6460DF25F579B8002C55B1 /* ContentView.swift in Sources */ = {isa = PBXBuildFile; fileRef = 0C6460DA25F579B8002C55B1 /* ContentView.swift */; };
		0C767817268F88BB0058F69B /* Assets.xcassets in Resources */ = {isa = PBXBuildFile; fileRef = 0C767812268F88BB0058F69B /* Assets.xcassets */; };
		0C767818268F88BB0058F69B /* Preview Assets.xcassets in Resources */ = {isa = PBXBuildFile; fileRef = 0C767814268F88BB0058F69B /* Preview Assets.xcassets */; };
		0C76781A268F88BB0058F69B /* Pulse_Demo_iOSApp.swift in Sources */ = {isa = PBXBuildFile; fileRef = 0C767816268F88BB0058F69B /* Pulse_Demo_iOSApp.swift */; };
		0C7A833926D1C8960082634F /* MockDataTask.swift in Sources */ = {isa = PBXBuildFile; fileRef = 0CD2A4AC25D4A2E70087E9E3 /* MockDataTask.swift */; };
		0C7A833A26D1C8960082634F /* MockStore.swift in Sources */ = {isa = PBXBuildFile; fileRef = 0CD2A4AB25D4A2E70087E9E3 /* MockStore.swift */; };
		0C7A834026D1CA290082634F /* repos.json in Resources */ = {isa = PBXBuildFile; fileRef = 0CFF9BD825D6199A0069DB6A /* repos.json */; };
		0CCBDDBA2610BD8200DCB60C /* MockStore.swift in Sources */ = {isa = PBXBuildFile; fileRef = 0CD2A4AB25D4A2E70087E9E3 /* MockStore.swift */; };
		0CCBDDBB2610BD8200DCB60C /* MockDataTask.swift in Sources */ = {isa = PBXBuildFile; fileRef = 0CD2A4AC25D4A2E70087E9E3 /* MockDataTask.swift */; };
		0CCBDDC02610BDBC00DCB60C /* repos.json in Resources */ = {isa = PBXBuildFile; fileRef = 0CFF9BD825D6199A0069DB6A /* repos.json */; };
		0CEAB3E425FE862E00F09B0F /* Pulse Demo watchOS Extension.appex in Embed App Extensions */ = {isa = PBXBuildFile; fileRef = 0CEAB3E325FE862E00F09B0F /* Pulse Demo watchOS Extension.appex */; settings = {ATTRIBUTES = (RemoveHeadersOnCopy, ); }; };
		0CEAB41025FE867A00F09B0F /* Assets.xcassets in Resources */ = {isa = PBXBuildFile; fileRef = 0CEAB40E25FE867300F09B0F /* Assets.xcassets */; };
		0CEAB41425FE867E00F09B0F /* PulseAppApp.swift in Sources */ = {isa = PBXBuildFile; fileRef = 0CEAB40A25FE867300F09B0F /* PulseAppApp.swift */; };
		0CEAB41525FE867E00F09B0F /* ContentView.swift in Sources */ = {isa = PBXBuildFile; fileRef = 0CEAB40B25FE867300F09B0F /* ContentView.swift */; };
		0CEAB41625FE867E00F09B0F /* Assets.xcassets in Resources */ = {isa = PBXBuildFile; fileRef = 0CEAB40725FE867300F09B0F /* Assets.xcassets */; };
		0CEAB41725FE867E00F09B0F /* ComplicationController.swift in Sources */ = {isa = PBXBuildFile; fileRef = 0CEAB40625FE867300F09B0F /* ComplicationController.swift */; };
		0CEAB41825FE867E00F09B0F /* Preview Assets.xcassets in Resources */ = {isa = PBXBuildFile; fileRef = 0CEAB40925FE867300F09B0F /* Preview Assets.xcassets */; };
		0CEAB42825FE86ED00F09B0F /* repos.json in Resources */ = {isa = PBXBuildFile; fileRef = 0CFF9BD825D6199A0069DB6A /* repos.json */; };
		0CEAB42925FE86ED00F09B0F /* MockStore.swift in Sources */ = {isa = PBXBuildFile; fileRef = 0CD2A4AB25D4A2E70087E9E3 /* MockStore.swift */; };
		0CEAB42A25FE86ED00F09B0F /* MockDataTask.swift in Sources */ = {isa = PBXBuildFile; fileRef = 0CD2A4AC25D4A2E70087E9E3 /* MockDataTask.swift */; };
/* End PBXBuildFile section */

/* Begin PBXContainerItemProxy section */
		0C0E6319260186C700A0DF40 /* PBXContainerItemProxy */ = {
			isa = PBXContainerItemProxy;
			containerPortal = 0C57AD45245F0EFB005B3400 /* Project object */;
			proxyType = 1;
			remoteGlobalIDString = 0CEAB3D925FE862D00F09B0F;
			remoteInfo = "Pulse watchOS";
		};
		0CEAB3E525FE862E00F09B0F /* PBXContainerItemProxy */ = {
			isa = PBXContainerItemProxy;
			containerPortal = 0C57AD45245F0EFB005B3400 /* Project object */;
			proxyType = 1;
			remoteGlobalIDString = 0CEAB3E225FE862E00F09B0F;
			remoteInfo = "Pulse watchOS Extension";
		};
/* End PBXContainerItemProxy section */

/* Begin PBXCopyFilesBuildPhase section */
		0C0E631B260186C700A0DF40 /* Embed Watch Content */ = {
			isa = PBXCopyFilesBuildPhase;
			buildActionMask = 2147483647;
			dstPath = "$(CONTENTS_FOLDER_PATH)/Watch";
			dstSubfolderSpec = 16;
			files = (
				0C0E6318260186C700A0DF40 /* Pulse Demo watchOS.app in Embed Watch Content */,
			);
			name = "Embed Watch Content";
			runOnlyForDeploymentPostprocessing = 0;
		};
		0C98C6C925C4C08A0086A13E /* Embed Frameworks */ = {
			isa = PBXCopyFilesBuildPhase;
			buildActionMask = 2147483647;
			dstPath = "";
			dstSubfolderSpec = 10;
			files = (
			);
			name = "Embed Frameworks";
			runOnlyForDeploymentPostprocessing = 0;
		};
		0CEAB3FA25FE862F00F09B0F /* Embed App Extensions */ = {
			isa = PBXCopyFilesBuildPhase;
			buildActionMask = 2147483647;
			dstPath = "";
			dstSubfolderSpec = 13;
			files = (
				0CEAB3E425FE862E00F09B0F /* Pulse Demo watchOS Extension.appex in Embed App Extensions */,
			);
			name = "Embed App Extensions";
			runOnlyForDeploymentPostprocessing = 0;
		};
/* End PBXCopyFilesBuildPhase section */

/* Begin PBXFileReference section */
		0C07EDCD25CEF648002DC091 /* README.md */ = {isa = PBXFileReference; lastKnownFileType = net.daringfireball.markdown; path = README.md; sourceTree = "<group>"; };
		0C0B31EA26D179A20045C9E1 /* Pulse Integration Examples iOS.app */ = {isa = PBXFileReference; explicitFileType = wrapper.application; includeInIndex = 0; path = "Pulse Integration Examples iOS.app"; sourceTree = BUILT_PRODUCTS_DIR; };
		0C0B31EC26D179A20045C9E1 /* AppDelegate.swift */ = {isa = PBXFileReference; lastKnownFileType = sourcecode.swift; path = AppDelegate.swift; sourceTree = "<group>"; };
		0C0B31EE26D179A20045C9E1 /* SceneDelegate.swift */ = {isa = PBXFileReference; lastKnownFileType = sourcecode.swift; path = SceneDelegate.swift; sourceTree = "<group>"; };
		0C0B31F026D179A20045C9E1 /* ViewController.swift */ = {isa = PBXFileReference; lastKnownFileType = sourcecode.swift; path = ViewController.swift; sourceTree = "<group>"; };
		0C0B31F326D179A20045C9E1 /* Base */ = {isa = PBXFileReference; lastKnownFileType = file.storyboard; name = Base; path = Base.lproj/Main.storyboard; sourceTree = "<group>"; };
		0C0B31F526D179A70045C9E1 /* Assets.xcassets */ = {isa = PBXFileReference; lastKnownFileType = folder.assetcatalog; path = Assets.xcassets; sourceTree = "<group>"; };
		0C0B31F826D179A70045C9E1 /* Base */ = {isa = PBXFileReference; lastKnownFileType = file.storyboard; name = Base; path = Base.lproj/LaunchScreen.storyboard; sourceTree = "<group>"; };
		0C1221E525CE09C100B81D7A /* URLSessionAutomatedIntegration.swift */ = {isa = PBXFileReference; lastKnownFileType = sourcecode.swift; path = URLSessionAutomatedIntegration.swift; sourceTree = "<group>"; };
		0C25FB6E25CDDCAB00A895C2 /* URLSessionManualIntegration.swift */ = {isa = PBXFileReference; lastKnownFileType = sourcecode.swift; path = URLSessionManualIntegration.swift; sourceTree = "<group>"; };
		0C4719232707EFD5008DB813 /* contributors.json */ = {isa = PBXFileReference; lastKnownFileType = text.json; path = contributors.json; sourceTree = "<group>"; };
		0C516FBA26015DD2004813B4 /* Pulse Demo iOS.app */ = {isa = PBXFileReference; explicitFileType = wrapper.application; includeInIndex = 0; path = "Pulse Demo iOS.app"; sourceTree = BUILT_PRODUCTS_DIR; };
		0C516FEF26016392004813B4 /* DocumentBrowser.swift */ = {isa = PBXFileReference; lastKnownFileType = sourcecode.swift; path = DocumentBrowser.swift; sourceTree = "<group>"; };
		0C57AD4D245F0EFB005B3400 /* Pulse iOS.app */ = {isa = PBXFileReference; explicitFileType = wrapper.application; includeInIndex = 0; path = "Pulse iOS.app"; sourceTree = BUILT_PRODUCTS_DIR; };
		0C57AD74245F0F38005B3400 /* Assets.xcassets */ = {isa = PBXFileReference; lastKnownFileType = folder.assetcatalog; path = Assets.xcassets; sourceTree = "<group>"; };
		0C57AD76245F0F38005B3400 /* Base */ = {isa = PBXFileReference; lastKnownFileType = file.storyboard; name = Base; path = Base.lproj/LaunchScreen.storyboard; sourceTree = "<group>"; };
		0C57AD77245F0F38005B3400 /* AppDelegate.swift */ = {isa = PBXFileReference; fileEncoding = 4; lastKnownFileType = sourcecode.swift; path = AppDelegate.swift; sourceTree = "<group>"; };
		0C57AD79245F0F38005B3400 /* SceneDelegate.swift */ = {isa = PBXFileReference; fileEncoding = 4; lastKnownFileType = sourcecode.swift; path = SceneDelegate.swift; sourceTree = "<group>"; };
		0C6460C425F5797B002C55B1 /* Pulse Demo tvOS.app */ = {isa = PBXFileReference; explicitFileType = wrapper.application; includeInIndex = 0; path = "Pulse Demo tvOS.app"; sourceTree = BUILT_PRODUCTS_DIR; };
		0C6460D625F579B8002C55B1 /* Pulse_tvOSApp.swift */ = {isa = PBXFileReference; fileEncoding = 4; lastKnownFileType = sourcecode.swift; path = Pulse_tvOSApp.swift; sourceTree = "<group>"; };
		0C6460D725F579B8002C55B1 /* Assets.xcassets */ = {isa = PBXFileReference; lastKnownFileType = folder.assetcatalog; path = Assets.xcassets; sourceTree = "<group>"; };
		0C6460D925F579B8002C55B1 /* Preview Assets.xcassets */ = {isa = PBXFileReference; lastKnownFileType = folder.assetcatalog; path = "Preview Assets.xcassets"; sourceTree = "<group>"; };
		0C6460DA25F579B8002C55B1 /* ContentView.swift */ = {isa = PBXFileReference; fileEncoding = 4; lastKnownFileType = sourcecode.swift; path = ContentView.swift; sourceTree = "<group>"; };
		0C6A22E9280B47D400FC8C96 /* Pulse */ = {isa = PBXFileReference; lastKnownFileType = wrapper; name = Pulse; path = .; sourceTree = "<group>"; };
		0C767812268F88BB0058F69B /* Assets.xcassets */ = {isa = PBXFileReference; lastKnownFileType = folder.assetcatalog; path = Assets.xcassets; sourceTree = "<group>"; };
		0C767814268F88BB0058F69B /* Preview Assets.xcassets */ = {isa = PBXFileReference; lastKnownFileType = folder.assetcatalog; path = "Preview Assets.xcassets"; sourceTree = "<group>"; };
		0C767816268F88BB0058F69B /* Pulse_Demo_iOSApp.swift */ = {isa = PBXFileReference; fileEncoding = 4; lastKnownFileType = sourcecode.swift; path = Pulse_Demo_iOSApp.swift; sourceTree = "<group>"; };
		0CD2A4AB25D4A2E70087E9E3 /* MockStore.swift */ = {isa = PBXFileReference; fileEncoding = 4; lastKnownFileType = sourcecode.swift; path = MockStore.swift; sourceTree = "<group>"; };
		0CD2A4AC25D4A2E70087E9E3 /* MockDataTask.swift */ = {isa = PBXFileReference; fileEncoding = 4; lastKnownFileType = sourcecode.swift; path = MockDataTask.swift; sourceTree = "<group>"; };
		0CE3DB06260FB43D00521113 /* Scripts */ = {isa = PBXFileReference; lastKnownFileType = folder; path = Scripts; sourceTree = "<group>"; };
		0CEAB3DA25FE862D00F09B0F /* Pulse Demo watchOS.app */ = {isa = PBXFileReference; explicitFileType = wrapper.application; includeInIndex = 0; path = "Pulse Demo watchOS.app"; sourceTree = BUILT_PRODUCTS_DIR; };
		0CEAB3E325FE862E00F09B0F /* Pulse Demo watchOS Extension.appex */ = {isa = PBXFileReference; explicitFileType = "wrapper.app-extension"; includeInIndex = 0; path = "Pulse Demo watchOS Extension.appex"; sourceTree = BUILT_PRODUCTS_DIR; };
		0CEAB40625FE867300F09B0F /* ComplicationController.swift */ = {isa = PBXFileReference; lastKnownFileType = sourcecode.swift; path = ComplicationController.swift; sourceTree = "<group>"; };
		0CEAB40725FE867300F09B0F /* Assets.xcassets */ = {isa = PBXFileReference; lastKnownFileType = folder.assetcatalog; path = Assets.xcassets; sourceTree = "<group>"; };
		0CEAB40925FE867300F09B0F /* Preview Assets.xcassets */ = {isa = PBXFileReference; lastKnownFileType = folder.assetcatalog; path = "Preview Assets.xcassets"; sourceTree = "<group>"; };
		0CEAB40A25FE867300F09B0F /* PulseAppApp.swift */ = {isa = PBXFileReference; lastKnownFileType = sourcecode.swift; path = PulseAppApp.swift; sourceTree = "<group>"; };
		0CEAB40B25FE867300F09B0F /* ContentView.swift */ = {isa = PBXFileReference; lastKnownFileType = sourcecode.swift; path = ContentView.swift; sourceTree = "<group>"; };
		0CEAB40E25FE867300F09B0F /* Assets.xcassets */ = {isa = PBXFileReference; lastKnownFileType = folder.assetcatalog; path = Assets.xcassets; sourceTree = "<group>"; };
		0CFF9BD825D6199A0069DB6A /* repos.json */ = {isa = PBXFileReference; lastKnownFileType = text.json; path = repos.json; sourceTree = "<group>"; };
		49E82A8526D107A00070244F /* AlamofireIntegration.swift */ = {isa = PBXFileReference; lastKnownFileType = sourcecode.swift; path = AlamofireIntegration.swift; sourceTree = "<group>"; };
		49E82A8826D1083D0070244F /* MoyaIntegration.swift */ = {isa = PBXFileReference; lastKnownFileType = sourcecode.swift; path = MoyaIntegration.swift; sourceTree = "<group>"; };
/* End PBXFileReference section */

/* Begin PBXFrameworksBuildPhase section */
		0C0B31E726D179A20045C9E1 /* Frameworks */ = {
			isa = PBXFrameworksBuildPhase;
			buildActionMask = 2147483647;
			files = (
				0C43FFF6280B492500DD4458 /* PulseUI in Frameworks */,
				0C43FFF4280B492500DD4458 /* PulseCore in Frameworks */,
			);
			runOnlyForDeploymentPostprocessing = 0;
		};
		0C516FB726015DD2004813B4 /* Frameworks */ = {
			isa = PBXFrameworksBuildPhase;
			buildActionMask = 2147483647;
			files = (
				0C60229B280C79E7003B1E83 /* PulseUI in Frameworks */,
				0C602299280C79E7003B1E83 /* PulseCore in Frameworks */,
			);
			runOnlyForDeploymentPostprocessing = 0;
		};
		0C57AD4A245F0EFB005B3400 /* Frameworks */ = {
			isa = PBXFrameworksBuildPhase;
			buildActionMask = 2147483647;
			files = (
				0C60228F280C78B4003B1E83 /* PulseUI in Frameworks */,
				0C60228D280C78B4003B1E83 /* PulseCore in Frameworks */,
			);
			runOnlyForDeploymentPostprocessing = 0;
		};
		0C6460C125F5797B002C55B1 /* Frameworks */ = {
			isa = PBXFrameworksBuildPhase;
			buildActionMask = 2147483647;
			files = (
				0C602293280C78F5003B1E83 /* PulseUI in Frameworks */,
				0C602291280C78F5003B1E83 /* PulseCore in Frameworks */,
			);
			runOnlyForDeploymentPostprocessing = 0;
		};
		0CEAB3E025FE862E00F09B0F /* Frameworks */ = {
			isa = PBXFrameworksBuildPhase;
			buildActionMask = 2147483647;
			files = (
				0C60228B280C784A003B1E83 /* PulseUI in Frameworks */,
				0C602289280C784A003B1E83 /* PulseCore in Frameworks */,
			);
			runOnlyForDeploymentPostprocessing = 0;
		};
/* End PBXFrameworksBuildPhase section */

/* Begin PBXGroup section */
		0C0B31EB26D179A20045C9E1 /* Integrations */ = {
			isa = PBXGroup;
			children = (
				0C0B31EC26D179A20045C9E1 /* AppDelegate.swift */,
				0C0B31EE26D179A20045C9E1 /* SceneDelegate.swift */,
				0C0B31F026D179A20045C9E1 /* ViewController.swift */,
				0C25FB6725CDDC9700A895C2 /* IntegrationsExamples */,
				0C0B31F226D179A20045C9E1 /* Main.storyboard */,
				0C0B31F526D179A70045C9E1 /* Assets.xcassets */,
				0C0B31F726D179A70045C9E1 /* LaunchScreen.storyboard */,
			);
			path = Integrations;
			sourceTree = "<group>";
		};
		0C25FB6725CDDC9700A895C2 /* IntegrationsExamples */ = {
			isa = PBXGroup;
			children = (
				0C25FB6E25CDDCAB00A895C2 /* URLSessionManualIntegration.swift */,
				0C1221E525CE09C100B81D7A /* URLSessionAutomatedIntegration.swift */,
				49E82A8526D107A00070244F /* AlamofireIntegration.swift */,
				49E82A8826D1083D0070244F /* MoyaIntegration.swift */,
			);
			path = IntegrationsExamples;
			sourceTree = "<group>";
		};
		0C323A7325CEE6F3004067EA /* Shared */ = {
			isa = PBXGroup;
			children = (
				0CFF9BD725D619820069DB6A /* Resources */,
				0CD2A4AA25D4A2E70087E9E3 /* Mocks */,
			);
			path = Shared;
			sourceTree = "<group>";
		};
		0C516FBB26015DD2004813B4 /* Demo */ = {
			isa = PBXGroup;
			children = (
				0C767811268F88BB0058F69B /* iOS */,
				0C6460D525F579B8002C55B1 /* tvOS */,
				0CEAB40425FE867300F09B0F /* watchOS */,
			);
			path = Demo;
			sourceTree = "<group>";
		};
		0C57AD44245F0EFB005B3400 = {
			isa = PBXGroup;
			children = (
				0C07EDCD25CEF648002DC091 /* README.md */,
				0C6A22E9280B47D400FC8C96 /* Pulse */,
				0C57AD64245F0F38005B3400 /* App */,
				0C516FBB26015DD2004813B4 /* Demo */,
				0C0B31EB26D179A20045C9E1 /* Integrations */,
				0CE3DB06260FB43D00521113 /* Scripts */,
				0C57AD4E245F0EFB005B3400 /* Products */,
				0C57ADB2245F0FD2005B3400 /* Frameworks */,
			);
			sourceTree = "<group>";
		};
		0C57AD4E245F0EFB005B3400 /* Products */ = {
			isa = PBXGroup;
			children = (
				0C57AD4D245F0EFB005B3400 /* Pulse iOS.app */,
				0C6460C425F5797B002C55B1 /* Pulse Demo tvOS.app */,
				0CEAB3DA25FE862D00F09B0F /* Pulse Demo watchOS.app */,
				0CEAB3E325FE862E00F09B0F /* Pulse Demo watchOS Extension.appex */,
				0C516FBA26015DD2004813B4 /* Pulse Demo iOS.app */,
				0C0B31EA26D179A20045C9E1 /* Pulse Integration Examples iOS.app */,
			);
			name = Products;
			sourceTree = "<group>";
		};
		0C57AD64245F0F38005B3400 /* App */ = {
			isa = PBXGroup;
			children = (
				0C57AD73245F0F38005B3400 /* iOS */,
				0C323A7325CEE6F3004067EA /* Shared */,
			);
			path = App;
			sourceTree = "<group>";
		};
		0C57AD73245F0F38005B3400 /* iOS */ = {
			isa = PBXGroup;
			children = (
				0C57AD74245F0F38005B3400 /* Assets.xcassets */,
				0C57AD75245F0F38005B3400 /* LaunchScreen.storyboard */,
				0C57AD77245F0F38005B3400 /* AppDelegate.swift */,
				0C57AD79245F0F38005B3400 /* SceneDelegate.swift */,
				0C516FEF26016392004813B4 /* DocumentBrowser.swift */,
			);
			path = iOS;
			sourceTree = "<group>";
		};
		0C57ADB2245F0FD2005B3400 /* Frameworks */ = {
			isa = PBXGroup;
			children = (
			);
			name = Frameworks;
			sourceTree = "<group>";
		};
		0C6460D525F579B8002C55B1 /* tvOS */ = {
			isa = PBXGroup;
			children = (
				0C6460D625F579B8002C55B1 /* Pulse_tvOSApp.swift */,
				0C6460D725F579B8002C55B1 /* Assets.xcassets */,
				0C6460D825F579B8002C55B1 /* Preview Content */,
				0C6460DA25F579B8002C55B1 /* ContentView.swift */,
			);
			path = tvOS;
			sourceTree = "<group>";
		};
		0C6460D825F579B8002C55B1 /* Preview Content */ = {
			isa = PBXGroup;
			children = (
				0C6460D925F579B8002C55B1 /* Preview Assets.xcassets */,
			);
			path = "Preview Content";
			sourceTree = "<group>";
		};
		0C767811268F88BB0058F69B /* iOS */ = {
			isa = PBXGroup;
			children = (
				0C767812268F88BB0058F69B /* Assets.xcassets */,
				0C767813268F88BB0058F69B /* Preview Content */,
				0C767816268F88BB0058F69B /* Pulse_Demo_iOSApp.swift */,
			);
			path = iOS;
			sourceTree = "<group>";
		};
		0C767813268F88BB0058F69B /* Preview Content */ = {
			isa = PBXGroup;
			children = (
				0C767814268F88BB0058F69B /* Preview Assets.xcassets */,
			);
			path = "Preview Content";
			sourceTree = "<group>";
		};
		0CD2A4AA25D4A2E70087E9E3 /* Mocks */ = {
			isa = PBXGroup;
			children = (
				0CD2A4AC25D4A2E70087E9E3 /* MockDataTask.swift */,
				0CD2A4AB25D4A2E70087E9E3 /* MockStore.swift */,
			);
			path = Mocks;
			sourceTree = "<group>";
		};
		0CEAB40425FE867300F09B0F /* watchOS */ = {
			isa = PBXGroup;
			children = (
				0CEAB40525FE867300F09B0F /* Extension */,
				0CEAB40D25FE867300F09B0F /* App */,
			);
			path = watchOS;
			sourceTree = "<group>";
		};
		0CEAB40525FE867300F09B0F /* Extension */ = {
			isa = PBXGroup;
			children = (
				0CEAB40625FE867300F09B0F /* ComplicationController.swift */,
				0CEAB40725FE867300F09B0F /* Assets.xcassets */,
				0CEAB40825FE867300F09B0F /* Preview Content */,
				0CEAB40A25FE867300F09B0F /* PulseAppApp.swift */,
				0CEAB40B25FE867300F09B0F /* ContentView.swift */,
			);
			path = Extension;
			sourceTree = "<group>";
		};
		0CEAB40825FE867300F09B0F /* Preview Content */ = {
			isa = PBXGroup;
			children = (
				0CEAB40925FE867300F09B0F /* Preview Assets.xcassets */,
			);
			path = "Preview Content";
			sourceTree = "<group>";
		};
		0CEAB40D25FE867300F09B0F /* App */ = {
			isa = PBXGroup;
			children = (
				0CEAB40E25FE867300F09B0F /* Assets.xcassets */,
			);
			path = App;
			sourceTree = "<group>";
		};
		0CFF9BD725D619820069DB6A /* Resources */ = {
			isa = PBXGroup;
			children = (
				0CFF9BD825D6199A0069DB6A /* repos.json */,
				0C4719232707EFD5008DB813 /* contributors.json */,
			);
			path = Resources;
			sourceTree = "<group>";
		};
/* End PBXGroup section */

/* Begin PBXNativeTarget section */
		0C0B31E926D179A20045C9E1 /* Pulse Integration Examples iOS */ = {
			isa = PBXNativeTarget;
			buildConfigurationList = 0C0B31FB26D179A70045C9E1 /* Build configuration list for PBXNativeTarget "Pulse Integration Examples iOS" */;
			buildPhases = (
				0C0B31E626D179A20045C9E1 /* Sources */,
				0C0B31E726D179A20045C9E1 /* Frameworks */,
				0C0B31E826D179A20045C9E1 /* Resources */,
			);
			buildRules = (
			);
			dependencies = (
			);
			name = "Pulse Integration Examples iOS";
			packageProductDependencies = (
				0C43FFF3280B492500DD4458 /* PulseCore */,
				0C43FFF5280B492500DD4458 /* PulseUI */,
			);
			productName = "Pulse Integration Examples iOS";
			productReference = 0C0B31EA26D179A20045C9E1 /* Pulse Integration Examples iOS.app */;
			productType = "com.apple.product-type.application";
		};
		0C516FB926015DD2004813B4 /* Pulse Demo iOS */ = {
			isa = PBXNativeTarget;
			buildConfigurationList = 0C516FC826015DD3004813B4 /* Build configuration list for PBXNativeTarget "Pulse Demo iOS" */;
			buildPhases = (
				0C516FB626015DD2004813B4 /* Sources */,
				0C516FB726015DD2004813B4 /* Frameworks */,
				0C516FB826015DD2004813B4 /* Resources */,
				0C0E631B260186C700A0DF40 /* Embed Watch Content */,
			);
			buildRules = (
			);
			dependencies = (
				0C0E631A260186C700A0DF40 /* PBXTargetDependency */,
			);
			name = "Pulse Demo iOS";
			packageProductDependencies = (
				0C602298280C79E7003B1E83 /* PulseCore */,
				0C60229A280C79E7003B1E83 /* PulseUI */,
			);
			productName = "Pulse Demo iOS";
			productReference = 0C516FBA26015DD2004813B4 /* Pulse Demo iOS.app */;
			productType = "com.apple.product-type.application";
		};
		0C57AD4C245F0EFB005B3400 /* Pulse App iOS */ = {
			isa = PBXNativeTarget;
			buildConfigurationList = 0C57AD61245F0EFD005B3400 /* Build configuration list for PBXNativeTarget "Pulse App iOS" */;
			buildPhases = (
				0C57AD49245F0EFB005B3400 /* Sources */,
				0C57AD4A245F0EFB005B3400 /* Frameworks */,
				0C57AD4B245F0EFB005B3400 /* Resources */,
				0C98C6C925C4C08A0086A13E /* Embed Frameworks */,
			);
			buildRules = (
			);
			dependencies = (
			);
			name = "Pulse App iOS";
			packageProductDependencies = (
				0C60228C280C78B4003B1E83 /* PulseCore */,
				0C60228E280C78B4003B1E83 /* PulseUI */,
			);
			productName = Pulse;
			productReference = 0C57AD4D245F0EFB005B3400 /* Pulse iOS.app */;
			productType = "com.apple.product-type.application";
		};
		0C6460C325F5797B002C55B1 /* Pulse Demo tvOS */ = {
			isa = PBXNativeTarget;
			buildConfigurationList = 0C6460D225F5797C002C55B1 /* Build configuration list for PBXNativeTarget "Pulse Demo tvOS" */;
			buildPhases = (
				0C6460C025F5797B002C55B1 /* Sources */,
				0C6460C125F5797B002C55B1 /* Frameworks */,
				0C6460C225F5797B002C55B1 /* Resources */,
			);
			buildRules = (
			);
			dependencies = (
			);
			name = "Pulse Demo tvOS";
			packageProductDependencies = (
				0C602290280C78F5003B1E83 /* PulseCore */,
				0C602292280C78F5003B1E83 /* PulseUI */,
			);
			productName = "Pulse tvOS";
			productReference = 0C6460C425F5797B002C55B1 /* Pulse Demo tvOS.app */;
			productType = "com.apple.product-type.application";
		};
		0CEAB3D925FE862D00F09B0F /* Pulse Demo watchOS */ = {
			isa = PBXNativeTarget;
			buildConfigurationList = 0CEAB3FB25FE862F00F09B0F /* Build configuration list for PBXNativeTarget "Pulse Demo watchOS" */;
			buildPhases = (
				0CEAB3D825FE862D00F09B0F /* Resources */,
				0CEAB3FA25FE862F00F09B0F /* Embed App Extensions */,
			);
			buildRules = (
			);
			dependencies = (
				0CEAB3E625FE862E00F09B0F /* PBXTargetDependency */,
			);
			name = "Pulse Demo watchOS";
			productName = "Pulse watchOS";
			productReference = 0CEAB3DA25FE862D00F09B0F /* Pulse Demo watchOS.app */;
			productType = "com.apple.product-type.application.watchapp2";
		};
		0CEAB3E225FE862E00F09B0F /* Pulse Demo watchOS Extension */ = {
			isa = PBXNativeTarget;
			buildConfigurationList = 0CEAB3F725FE862F00F09B0F /* Build configuration list for PBXNativeTarget "Pulse Demo watchOS Extension" */;
			buildPhases = (
				0CEAB3DF25FE862E00F09B0F /* Sources */,
				0CEAB3E025FE862E00F09B0F /* Frameworks */,
				0CEAB3E125FE862E00F09B0F /* Resources */,
			);
			buildRules = (
			);
			dependencies = (
			);
			name = "Pulse Demo watchOS Extension";
			packageProductDependencies = (
				0C602288280C784A003B1E83 /* PulseCore */,
				0C60228A280C784A003B1E83 /* PulseUI */,
			);
			productName = "Pulse watchOS Extension";
			productReference = 0CEAB3E325FE862E00F09B0F /* Pulse Demo watchOS Extension.appex */;
			productType = "com.apple.product-type.watchkit2-extension";
		};
/* End PBXNativeTarget section */

/* Begin PBXProject section */
		0C57AD45245F0EFB005B3400 /* Project object */ = {
			isa = PBXProject;
			attributes = {
				LastSwiftUpdateCheck = 1240;
				LastUpgradeCheck = 1240;
				ORGANIZATIONNAME = kean;
				TargetAttributes = {
					0C0B31E926D179A20045C9E1 = {
						CreatedOnToolsVersion = 12.4;
					};
					0C516FB926015DD2004813B4 = {
						CreatedOnToolsVersion = 12.4;
					};
					0C57AD4C245F0EFB005B3400 = {
						CreatedOnToolsVersion = 11.4.1;
					};
					0C6460C325F5797B002C55B1 = {
						CreatedOnToolsVersion = 12.4;
					};
					0CEAB3D925FE862D00F09B0F = {
						CreatedOnToolsVersion = 12.4;
					};
					0CEAB3E225FE862E00F09B0F = {
						CreatedOnToolsVersion = 12.4;
					};
				};
			};
			buildConfigurationList = 0C57AD48245F0EFB005B3400 /* Build configuration list for PBXProject "Pulse" */;
			compatibilityVersion = "Xcode 9.3";
			developmentRegion = en;
			hasScannedForEncodings = 0;
			knownRegions = (
				en,
				Base,
			);
			mainGroup = 0C57AD44245F0EFB005B3400;
			packageReferences = (
			);
			productRefGroup = 0C57AD4E245F0EFB005B3400 /* Products */;
			projectDirPath = "";
			projectRoot = "";
			targets = (
				0C57AD4C245F0EFB005B3400 /* Pulse App iOS */,
				0C516FB926015DD2004813B4 /* Pulse Demo iOS */,
				0CEAB3D925FE862D00F09B0F /* Pulse Demo watchOS */,
				0CEAB3E225FE862E00F09B0F /* Pulse Demo watchOS Extension */,
				0C6460C325F5797B002C55B1 /* Pulse Demo tvOS */,
				0C0B31E926D179A20045C9E1 /* Pulse Integration Examples iOS */,
			);
		};
/* End PBXProject section */

/* Begin PBXResourcesBuildPhase section */
		0C0B31E826D179A20045C9E1 /* Resources */ = {
			isa = PBXResourcesBuildPhase;
			buildActionMask = 2147483647;
			files = (
				0C0B31F926D179A70045C9E1 /* LaunchScreen.storyboard in Resources */,
				0C0B31F626D179A70045C9E1 /* Assets.xcassets in Resources */,
				0C0B31F426D179A20045C9E1 /* Main.storyboard in Resources */,
				0C4719272707EFD5008DB813 /* contributors.json in Resources */,
				0C7A834026D1CA290082634F /* repos.json in Resources */,
			);
			runOnlyForDeploymentPostprocessing = 0;
		};
		0C516FB826015DD2004813B4 /* Resources */ = {
			isa = PBXResourcesBuildPhase;
			buildActionMask = 2147483647;
			files = (
				0C767817268F88BB0058F69B /* Assets.xcassets in Resources */,
				0C767818268F88BB0058F69B /* Preview Assets.xcassets in Resources */,
				0C516FE726015ED3004813B4 /* repos.json in Resources */,
				0C4719242707EFD5008DB813 /* contributors.json in Resources */,
			);
			runOnlyForDeploymentPostprocessing = 0;
		};
		0C57AD4B245F0EFB005B3400 /* Resources */ = {
			isa = PBXResourcesBuildPhase;
			buildActionMask = 2147483647;
			files = (
				0C57AD84245F0F38005B3400 /* LaunchScreen.storyboard in Resources */,
				0C57AD83245F0F38005B3400 /* Assets.xcassets in Resources */,
			);
			runOnlyForDeploymentPostprocessing = 0;
		};
		0C6460C225F5797B002C55B1 /* Resources */ = {
			isa = PBXResourcesBuildPhase;
			buildActionMask = 2147483647;
			files = (
				0C6460DE25F579B8002C55B1 /* Preview Assets.xcassets in Resources */,
				0CCBDDC02610BDBC00DCB60C /* repos.json in Resources */,
				0C6460DD25F579B8002C55B1 /* Assets.xcassets in Resources */,
				0C4719262707EFD5008DB813 /* contributors.json in Resources */,
			);
			runOnlyForDeploymentPostprocessing = 0;
		};
		0CEAB3D825FE862D00F09B0F /* Resources */ = {
			isa = PBXResourcesBuildPhase;
			buildActionMask = 2147483647;
			files = (
				0CEAB41025FE867A00F09B0F /* Assets.xcassets in Resources */,
			);
			runOnlyForDeploymentPostprocessing = 0;
		};
		0CEAB3E125FE862E00F09B0F /* Resources */ = {
			isa = PBXResourcesBuildPhase;
			buildActionMask = 2147483647;
			files = (
				0CEAB41825FE867E00F09B0F /* Preview Assets.xcassets in Resources */,
				0CEAB42825FE86ED00F09B0F /* repos.json in Resources */,
				0CEAB41625FE867E00F09B0F /* Assets.xcassets in Resources */,
				0C4719252707EFD5008DB813 /* contributors.json in Resources */,
			);
			runOnlyForDeploymentPostprocessing = 0;
		};
/* End PBXResourcesBuildPhase section */

/* Begin PBXSourcesBuildPhase section */
		0C0B31E626D179A20045C9E1 /* Sources */ = {
			isa = PBXSourcesBuildPhase;
			buildActionMask = 2147483647;
			files = (
				0C7A833926D1C8960082634F /* MockDataTask.swift in Sources */,
				0C0B31F126D179A20045C9E1 /* ViewController.swift in Sources */,
				0C0B31ED26D179A20045C9E1 /* AppDelegate.swift in Sources */,
				0C0B31EF26D179A20045C9E1 /* SceneDelegate.swift in Sources */,
				0C7A833A26D1C8960082634F /* MockStore.swift in Sources */,
			);
			runOnlyForDeploymentPostprocessing = 0;
		};
		0C516FB626015DD2004813B4 /* Sources */ = {
			isa = PBXSourcesBuildPhase;
			buildActionMask = 2147483647;
			files = (
				0C76781A268F88BB0058F69B /* Pulse_Demo_iOSApp.swift in Sources */,
				0C516FE226015E8E004813B4 /* MockDataTask.swift in Sources */,
				0C516FE126015E8E004813B4 /* MockStore.swift in Sources */,
			);
			runOnlyForDeploymentPostprocessing = 0;
		};
		0C57AD49245F0EFB005B3400 /* Sources */ = {
			isa = PBXSourcesBuildPhase;
			buildActionMask = 2147483647;
			files = (
				0C57AD85245F0F38005B3400 /* AppDelegate.swift in Sources */,
				0C57AD87245F0F38005B3400 /* SceneDelegate.swift in Sources */,
				0C516FF026016392004813B4 /* DocumentBrowser.swift in Sources */,
			);
			runOnlyForDeploymentPostprocessing = 0;
		};
		0C6460C025F5797B002C55B1 /* Sources */ = {
			isa = PBXSourcesBuildPhase;
			buildActionMask = 2147483647;
			files = (
				0CCBDDBB2610BD8200DCB60C /* MockDataTask.swift in Sources */,
				0C6460DF25F579B8002C55B1 /* ContentView.swift in Sources */,
				0C6460DC25F579B8002C55B1 /* Pulse_tvOSApp.swift in Sources */,
				0CCBDDBA2610BD8200DCB60C /* MockStore.swift in Sources */,
			);
			runOnlyForDeploymentPostprocessing = 0;
		};
		0CEAB3DF25FE862E00F09B0F /* Sources */ = {
			isa = PBXSourcesBuildPhase;
			buildActionMask = 2147483647;
			files = (
				0CEAB41525FE867E00F09B0F /* ContentView.swift in Sources */,
				0CEAB42925FE86ED00F09B0F /* MockStore.swift in Sources */,
				0CEAB41425FE867E00F09B0F /* PulseAppApp.swift in Sources */,
				0CEAB42A25FE86ED00F09B0F /* MockDataTask.swift in Sources */,
				0CEAB41725FE867E00F09B0F /* ComplicationController.swift in Sources */,
			);
			runOnlyForDeploymentPostprocessing = 0;
		};
/* End PBXSourcesBuildPhase section */

/* Begin PBXTargetDependency section */
		0C0E631A260186C700A0DF40 /* PBXTargetDependency */ = {
			isa = PBXTargetDependency;
			target = 0CEAB3D925FE862D00F09B0F /* Pulse Demo watchOS */;
			targetProxy = 0C0E6319260186C700A0DF40 /* PBXContainerItemProxy */;
		};
		0CEAB3E625FE862E00F09B0F /* PBXTargetDependency */ = {
			isa = PBXTargetDependency;
			target = 0CEAB3E225FE862E00F09B0F /* Pulse Demo watchOS Extension */;
			targetProxy = 0CEAB3E525FE862E00F09B0F /* PBXContainerItemProxy */;
		};
/* End PBXTargetDependency section */

/* Begin PBXVariantGroup section */
		0C0B31F226D179A20045C9E1 /* Main.storyboard */ = {
			isa = PBXVariantGroup;
			children = (
				0C0B31F326D179A20045C9E1 /* Base */,
			);
			name = Main.storyboard;
			sourceTree = "<group>";
		};
		0C0B31F726D179A70045C9E1 /* LaunchScreen.storyboard */ = {
			isa = PBXVariantGroup;
			children = (
				0C0B31F826D179A70045C9E1 /* Base */,
			);
			name = LaunchScreen.storyboard;
			sourceTree = "<group>";
		};
		0C57AD75245F0F38005B3400 /* LaunchScreen.storyboard */ = {
			isa = PBXVariantGroup;
			children = (
				0C57AD76245F0F38005B3400 /* Base */,
			);
			name = LaunchScreen.storyboard;
			sourceTree = "<group>";
		};
/* End PBXVariantGroup section */

/* Begin XCBuildConfiguration section */
		0C0B31FC26D179A70045C9E1 /* Debug */ = {
			isa = XCBuildConfiguration;
			buildSettings = {
				ASSETCATALOG_COMPILER_APPICON_NAME = AppIcon;
				ASSETCATALOG_COMPILER_GLOBAL_ACCENT_COLOR_NAME = AccentColor;
				CODE_SIGN_STYLE = Automatic;
				IPHONEOS_DEPLOYMENT_TARGET = 13.0;
				LD_RUNPATH_SEARCH_PATHS = (
					"$(inherited)",
					"@executable_path/Frameworks",
				);
				PRODUCT_BUNDLE_IDENTIFIER = "com.github.kean.Pulse-Integration-Examples-iOS";
				PRODUCT_NAME = "$(TARGET_NAME)";
				SWIFT_VERSION = 5.0;
				TARGETED_DEVICE_FAMILY = "1,2";
			};
			name = Debug;
		};
		0C0B31FD26D179A70045C9E1 /* Release */ = {
			isa = XCBuildConfiguration;
			buildSettings = {
				ASSETCATALOG_COMPILER_APPICON_NAME = AppIcon;
				ASSETCATALOG_COMPILER_GLOBAL_ACCENT_COLOR_NAME = AccentColor;
				CODE_SIGN_STYLE = Automatic;
				IPHONEOS_DEPLOYMENT_TARGET = 13.0;
				LD_RUNPATH_SEARCH_PATHS = (
					"$(inherited)",
					"@executable_path/Frameworks",
				);
				PRODUCT_BUNDLE_IDENTIFIER = "com.github.kean.Pulse-Integration-Examples-iOS";
				PRODUCT_NAME = "$(TARGET_NAME)";
				SWIFT_VERSION = 5.0;
				TARGETED_DEVICE_FAMILY = "1,2";
			};
			name = Release;
		};
		0C516FC626015DD3004813B4 /* Debug */ = {
			isa = XCBuildConfiguration;
			buildSettings = {
				ASSETCATALOG_COMPILER_APPICON_NAME = AppIcon;
				ASSETCATALOG_COMPILER_GLOBAL_ACCENT_COLOR_NAME = AccentColor;
				CODE_SIGN_STYLE = Automatic;
				CURRENT_PROJECT_VERSION = 20;
				DEVELOPMENT_ASSET_PATHS = "\"Demo/iOS/Preview Content\"";
				DEVELOPMENT_TEAM = NR8DLKJ7E6;
				ENABLE_PREVIEWS = YES;
				IPHONEOS_DEPLOYMENT_TARGET = 14.4;
				LD_RUNPATH_SEARCH_PATHS = (
					"$(inherited)",
					"@executable_path/Frameworks",
				);
				MARKETING_VERSION = 0.9.0;
				PRODUCT_BUNDLE_IDENTIFIER = com.github.kean.PulseDemo;
				PRODUCT_NAME = "$(TARGET_NAME)";
				SWIFT_VERSION = 5.0;
				TARGETED_DEVICE_FAMILY = "1,2";
			};
			name = Debug;
		};
		0C516FC726015DD3004813B4 /* Release */ = {
			isa = XCBuildConfiguration;
			buildSettings = {
				ASSETCATALOG_COMPILER_APPICON_NAME = AppIcon;
				ASSETCATALOG_COMPILER_GLOBAL_ACCENT_COLOR_NAME = AccentColor;
				CODE_SIGN_STYLE = Automatic;
				CURRENT_PROJECT_VERSION = 20;
				DEVELOPMENT_ASSET_PATHS = "\"Demo/iOS/Preview Content\"";
				DEVELOPMENT_TEAM = NR8DLKJ7E6;
				ENABLE_PREVIEWS = YES;
				IPHONEOS_DEPLOYMENT_TARGET = 14.4;
				LD_RUNPATH_SEARCH_PATHS = (
					"$(inherited)",
					"@executable_path/Frameworks",
				);
				MARKETING_VERSION = 0.9.0;
				PRODUCT_BUNDLE_IDENTIFIER = com.github.kean.PulseDemo;
				PRODUCT_NAME = "$(TARGET_NAME)";
				SWIFT_VERSION = 5.0;
				TARGETED_DEVICE_FAMILY = "1,2";
			};
			name = Release;
		};
		0C57AD5F245F0EFD005B3400 /* Debug */ = {
			isa = XCBuildConfiguration;
			buildSettings = {
				ALWAYS_SEARCH_USER_PATHS = NO;
				CLANG_ENABLE_OBJC_ARC = YES;
				CLANG_WARN_BLOCK_CAPTURE_AUTORELEASING = YES;
				CLANG_WARN_BOOL_CONVERSION = YES;
				CLANG_WARN_COMMA = YES;
				CLANG_WARN_CONSTANT_CONVERSION = YES;
				CLANG_WARN_DOCUMENTATION_COMMENTS = YES;
				CLANG_WARN_EMPTY_BODY = YES;
				CLANG_WARN_ENUM_CONVERSION = YES;
				CLANG_WARN_INFINITE_RECURSION = YES;
				CLANG_WARN_INT_CONVERSION = YES;
				CLANG_WARN_NON_LITERAL_NULL_CONVERSION = YES;
				CLANG_WARN_QUOTED_INCLUDE_IN_FRAMEWORK_HEADER = YES;
				CLANG_WARN_STRICT_PROTOTYPES = YES;
				CLANG_WARN_UNGUARDED_AVAILABILITY = YES_AGGRESSIVE;
				CLANG_WARN_UNREACHABLE_CODE = YES;
				COPY_PHASE_STRIP = NO;
				DEBUG_INFORMATION_FORMAT = dwarf;
				ENABLE_STRICT_OBJC_MSGSEND = YES;
				ENABLE_TESTABILITY = YES;
				GCC_NO_COMMON_BLOCKS = YES;
				GCC_OPTIMIZATION_LEVEL = 0;
				GCC_PREPROCESSOR_DEFINITIONS = (
					"DEBUG=1",
					"$(inherited)",
				);
				GCC_WARN_64_TO_32_BIT_CONVERSION = YES;
				GCC_WARN_ABOUT_RETURN_TYPE = YES_ERROR;
				GCC_WARN_UNINITIALIZED_AUTOS = YES_AGGRESSIVE;
				GCC_WARN_UNUSED_FUNCTION = YES;
				GCC_WARN_UNUSED_VARIABLE = YES;
				GENERATE_INFOPLIST_FILE = YES;
				IPHONEOS_DEPLOYMENT_TARGET = 13.4;
				ONLY_ACTIVE_ARCH = YES;
				SDKROOT = iphoneos;
				SWIFT_ACTIVE_COMPILATION_CONDITIONS = DEBUG;
				SWIFT_OPTIMIZATION_LEVEL = "-Onone";
			};
			name = Debug;
		};
		0C57AD60245F0EFD005B3400 /* Release */ = {
			isa = XCBuildConfiguration;
			buildSettings = {
				ALWAYS_SEARCH_USER_PATHS = NO;
				CLANG_ENABLE_OBJC_ARC = YES;
				CLANG_WARN_BLOCK_CAPTURE_AUTORELEASING = YES;
				CLANG_WARN_BOOL_CONVERSION = YES;
				CLANG_WARN_COMMA = YES;
				CLANG_WARN_CONSTANT_CONVERSION = YES;
				CLANG_WARN_DOCUMENTATION_COMMENTS = YES;
				CLANG_WARN_EMPTY_BODY = YES;
				CLANG_WARN_ENUM_CONVERSION = YES;
				CLANG_WARN_INFINITE_RECURSION = YES;
				CLANG_WARN_INT_CONVERSION = YES;
				CLANG_WARN_NON_LITERAL_NULL_CONVERSION = YES;
				CLANG_WARN_QUOTED_INCLUDE_IN_FRAMEWORK_HEADER = YES;
				CLANG_WARN_STRICT_PROTOTYPES = YES;
				CLANG_WARN_UNGUARDED_AVAILABILITY = YES_AGGRESSIVE;
				CLANG_WARN_UNREACHABLE_CODE = YES;
				COPY_PHASE_STRIP = NO;
				DEBUG_INFORMATION_FORMAT = "dwarf-with-dsym";
				ENABLE_NS_ASSERTIONS = NO;
				ENABLE_STRICT_OBJC_MSGSEND = YES;
				GCC_NO_COMMON_BLOCKS = YES;
				GCC_WARN_64_TO_32_BIT_CONVERSION = YES;
				GCC_WARN_ABOUT_RETURN_TYPE = YES_ERROR;
				GCC_WARN_UNINITIALIZED_AUTOS = YES_AGGRESSIVE;
				GCC_WARN_UNUSED_FUNCTION = YES;
				GCC_WARN_UNUSED_VARIABLE = YES;
				GENERATE_INFOPLIST_FILE = YES;
				IPHONEOS_DEPLOYMENT_TARGET = 13.4;
				SDKROOT = iphoneos;
				SWIFT_OPTIMIZATION_LEVEL = "-O";
				VALIDATE_PRODUCT = YES;
			};
			name = Release;
		};
		0C57AD62245F0EFD005B3400 /* Debug */ = {
			isa = XCBuildConfiguration;
			buildSettings = {
				ASSETCATALOG_COMPILER_APPICON_NAME = AppIcon;
				CODE_SIGN_STYLE = Automatic;
				CURRENT_PROJECT_VERSION = 2;
				DEVELOPMENT_TEAM = NR8DLKJ7E6;
				ENABLE_PREVIEWS = YES;
				IPHONEOS_DEPLOYMENT_TARGET = 13.0;
				LD_RUNPATH_SEARCH_PATHS = (
					"$(inherited)",
					"@executable_path/Frameworks",
				);
				MARKETING_VERSION = 0.19.0;
				PRODUCT_BUNDLE_IDENTIFIER = com.github.kean.pulse;
				PRODUCT_NAME = "Pulse iOS";
				SWIFT_VERSION = 5.0;
				TARGETED_DEVICE_FAMILY = "1,2";
			};
			name = Debug;
		};
		0C57AD63245F0EFD005B3400 /* Release */ = {
			isa = XCBuildConfiguration;
			buildSettings = {
				ASSETCATALOG_COMPILER_APPICON_NAME = AppIcon;
				CODE_SIGN_STYLE = Automatic;
				CURRENT_PROJECT_VERSION = 2;
				DEVELOPMENT_TEAM = NR8DLKJ7E6;
				ENABLE_PREVIEWS = YES;
				IPHONEOS_DEPLOYMENT_TARGET = 13.0;
				LD_RUNPATH_SEARCH_PATHS = (
					"$(inherited)",
					"@executable_path/Frameworks",
				);
				MARKETING_VERSION = 0.19.0;
				PRODUCT_BUNDLE_IDENTIFIER = com.github.kean.pulse;
				PRODUCT_NAME = "Pulse iOS";
				SWIFT_VERSION = 5.0;
				TARGETED_DEVICE_FAMILY = "1,2";
			};
			name = Release;
		};
		0C6460D025F5797C002C55B1 /* Debug */ = {
			isa = XCBuildConfiguration;
			buildSettings = {
				ASSETCATALOG_COMPILER_APPICON_NAME = "App Icon & Top Shelf Image";
				ASSETCATALOG_COMPILER_GLOBAL_ACCENT_COLOR_NAME = AccentColor;
				CODE_SIGN_STYLE = Automatic;
				DEVELOPMENT_ASSET_PATHS = "Demo/tvOS/Preview\\ Content";
				ENABLE_PREVIEWS = YES;
				LD_RUNPATH_SEARCH_PATHS = (
					"$(inherited)",
					"@executable_path/Frameworks",
				);
				PRODUCT_BUNDLE_IDENTIFIER = "com.github.kean.Pulse-tvOS";
				PRODUCT_NAME = "$(TARGET_NAME)";
				SDKROOT = appletvos;
				SWIFT_VERSION = 5.0;
				TARGETED_DEVICE_FAMILY = 3;
				TVOS_DEPLOYMENT_TARGET = 14.3;
			};
			name = Debug;
		};
		0C6460D125F5797C002C55B1 /* Release */ = {
			isa = XCBuildConfiguration;
			buildSettings = {
				ASSETCATALOG_COMPILER_APPICON_NAME = "App Icon & Top Shelf Image";
				ASSETCATALOG_COMPILER_GLOBAL_ACCENT_COLOR_NAME = AccentColor;
				CODE_SIGN_STYLE = Automatic;
				DEVELOPMENT_ASSET_PATHS = "Demo/tvOS/Preview\\ Content";
				ENABLE_PREVIEWS = YES;
				LD_RUNPATH_SEARCH_PATHS = (
					"$(inherited)",
					"@executable_path/Frameworks",
				);
				PRODUCT_BUNDLE_IDENTIFIER = "com.github.kean.Pulse-tvOS";
				PRODUCT_NAME = "$(TARGET_NAME)";
				SDKROOT = appletvos;
				SWIFT_VERSION = 5.0;
				TARGETED_DEVICE_FAMILY = 3;
				TVOS_DEPLOYMENT_TARGET = 14.3;
			};
			name = Release;
		};
		0CEAB3F825FE862F00F09B0F /* Debug */ = {
			isa = XCBuildConfiguration;
			buildSettings = {
				ASSETCATALOG_COMPILER_COMPLICATION_NAME = Complication;
				CODE_SIGN_STYLE = Automatic;
				CURRENT_PROJECT_VERSION = 20;
				DEVELOPMENT_ASSET_PATHS = "\"Demo/watchOS/Extension//Preview Content\"";
				DEVELOPMENT_TEAM = NR8DLKJ7E6;
				ENABLE_PREVIEWS = YES;
				LD_RUNPATH_SEARCH_PATHS = (
					"$(inherited)",
					"@executable_path/Frameworks",
					"@executable_path/../../Frameworks",
				);
				MARKETING_VERSION = 0.9.0;
				PRODUCT_BUNDLE_IDENTIFIER = com.github.kean.PulseDemo.watchkitapp.watchkitextension;
				PRODUCT_NAME = "${TARGET_NAME}";
				SDKROOT = watchos;
				SKIP_INSTALL = YES;
				SWIFT_VERSION = 5.0;
				TARGETED_DEVICE_FAMILY = 4;
				WATCHOS_DEPLOYMENT_TARGET = 7.0;
			};
			name = Debug;
		};
		0CEAB3F925FE862F00F09B0F /* Release */ = {
			isa = XCBuildConfiguration;
			buildSettings = {
				ASSETCATALOG_COMPILER_COMPLICATION_NAME = Complication;
				CODE_SIGN_STYLE = Automatic;
				CURRENT_PROJECT_VERSION = 20;
				DEVELOPMENT_ASSET_PATHS = "\"Demo/watchOS/Extension//Preview Content\"";
				DEVELOPMENT_TEAM = NR8DLKJ7E6;
				ENABLE_PREVIEWS = YES;
				LD_RUNPATH_SEARCH_PATHS = (
					"$(inherited)",
					"@executable_path/Frameworks",
					"@executable_path/../../Frameworks",
				);
				MARKETING_VERSION = 0.9.0;
				PRODUCT_BUNDLE_IDENTIFIER = com.github.kean.PulseDemo.watchkitapp.watchkitextension;
				PRODUCT_NAME = "${TARGET_NAME}";
				SDKROOT = watchos;
				SKIP_INSTALL = YES;
				SWIFT_VERSION = 5.0;
				TARGETED_DEVICE_FAMILY = 4;
				WATCHOS_DEPLOYMENT_TARGET = 7.0;
			};
			name = Release;
		};
		0CEAB3FC25FE862F00F09B0F /* Debug */ = {
			isa = XCBuildConfiguration;
			buildSettings = {
				ALWAYS_EMBED_SWIFT_STANDARD_LIBRARIES = YES;
				ASSETCATALOG_COMPILER_APPICON_NAME = AppIcon;
				ASSETCATALOG_COMPILER_GLOBAL_ACCENT_COLOR_NAME = AccentColor;
				CODE_SIGN_STYLE = Automatic;
				CURRENT_PROJECT_VERSION = 20;
				DEVELOPMENT_TEAM = NR8DLKJ7E6;
				IBSC_MODULE = Pulse_watchOS_Extension;
				MARKETING_VERSION = 0.9.0;
				PRODUCT_BUNDLE_IDENTIFIER = com.github.kean.PulseDemo.watchkitapp;
				PRODUCT_NAME = "$(TARGET_NAME)";
				SDKROOT = watchos;
				SKIP_INSTALL = YES;
				SWIFT_VERSION = 5.0;
				TARGETED_DEVICE_FAMILY = 4;
				WATCHOS_DEPLOYMENT_TARGET = 7.0;
			};
			name = Debug;
		};
		0CEAB3FD25FE862F00F09B0F /* Release */ = {
			isa = XCBuildConfiguration;
			buildSettings = {
				ALWAYS_EMBED_SWIFT_STANDARD_LIBRARIES = YES;
				ASSETCATALOG_COMPILER_APPICON_NAME = AppIcon;
				ASSETCATALOG_COMPILER_GLOBAL_ACCENT_COLOR_NAME = AccentColor;
				CODE_SIGN_STYLE = Automatic;
				CURRENT_PROJECT_VERSION = 20;
				DEVELOPMENT_TEAM = NR8DLKJ7E6;
				IBSC_MODULE = Pulse_watchOS_Extension;
				MARKETING_VERSION = 0.9.0;
				PRODUCT_BUNDLE_IDENTIFIER = com.github.kean.PulseDemo.watchkitapp;
				PRODUCT_NAME = "$(TARGET_NAME)";
				SDKROOT = watchos;
				SKIP_INSTALL = YES;
				SWIFT_VERSION = 5.0;
				TARGETED_DEVICE_FAMILY = 4;
				WATCHOS_DEPLOYMENT_TARGET = 7.0;
			};
			name = Release;
		};
/* End XCBuildConfiguration section */

/* Begin XCConfigurationList section */
		0C0B31FB26D179A70045C9E1 /* Build configuration list for PBXNativeTarget "Pulse Integration Examples iOS" */ = {
			isa = XCConfigurationList;
			buildConfigurations = (
				0C0B31FC26D179A70045C9E1 /* Debug */,
				0C0B31FD26D179A70045C9E1 /* Release */,
			);
			defaultConfigurationIsVisible = 0;
			defaultConfigurationName = Release;
		};
		0C516FC826015DD3004813B4 /* Build configuration list for PBXNativeTarget "Pulse Demo iOS" */ = {
			isa = XCConfigurationList;
			buildConfigurations = (
				0C516FC626015DD3004813B4 /* Debug */,
				0C516FC726015DD3004813B4 /* Release */,
			);
			defaultConfigurationIsVisible = 0;
			defaultConfigurationName = Release;
		};
		0C57AD48245F0EFB005B3400 /* Build configuration list for PBXProject "Pulse" */ = {
			isa = XCConfigurationList;
			buildConfigurations = (
				0C57AD5F245F0EFD005B3400 /* Debug */,
				0C57AD60245F0EFD005B3400 /* Release */,
			);
			defaultConfigurationIsVisible = 0;
			defaultConfigurationName = Release;
		};
		0C57AD61245F0EFD005B3400 /* Build configuration list for PBXNativeTarget "Pulse App iOS" */ = {
			isa = XCConfigurationList;
			buildConfigurations = (
				0C57AD62245F0EFD005B3400 /* Debug */,
				0C57AD63245F0EFD005B3400 /* Release */,
			);
			defaultConfigurationIsVisible = 0;
			defaultConfigurationName = Release;
		};
		0C6460D225F5797C002C55B1 /* Build configuration list for PBXNativeTarget "Pulse Demo tvOS" */ = {
			isa = XCConfigurationList;
			buildConfigurations = (
				0C6460D025F5797C002C55B1 /* Debug */,
				0C6460D125F5797C002C55B1 /* Release */,
			);
			defaultConfigurationIsVisible = 0;
			defaultConfigurationName = Release;
		};
		0CEAB3F725FE862F00F09B0F /* Build configuration list for PBXNativeTarget "Pulse Demo watchOS Extension" */ = {
			isa = XCConfigurationList;
			buildConfigurations = (
				0CEAB3F825FE862F00F09B0F /* Debug */,
				0CEAB3F925FE862F00F09B0F /* Release */,
			);
			defaultConfigurationIsVisible = 0;
			defaultConfigurationName = Release;
		};
		0CEAB3FB25FE862F00F09B0F /* Build configuration list for PBXNativeTarget "Pulse Demo watchOS" */ = {
			isa = XCConfigurationList;
			buildConfigurations = (
				0CEAB3FC25FE862F00F09B0F /* Debug */,
				0CEAB3FD25FE862F00F09B0F /* Release */,
			);
			defaultConfigurationIsVisible = 0;
			defaultConfigurationName = Release;
		};
/* End XCConfigurationList section */

/* Begin XCSwiftPackageProductDependency section */
		0C43FFF3280B492500DD4458 /* PulseCore */ = {
			isa = XCSwiftPackageProductDependency;
			productName = PulseCore;
		};
		0C43FFF5280B492500DD4458 /* PulseUI */ = {
			isa = XCSwiftPackageProductDependency;
			productName = PulseUI;
		};
		0C602288280C784A003B1E83 /* PulseCore */ = {
			isa = XCSwiftPackageProductDependency;
			productName = PulseCore;
		};
		0C60228A280C784A003B1E83 /* PulseUI */ = {
			isa = XCSwiftPackageProductDependency;
			productName = PulseUI;
		};
		0C60228C280C78B4003B1E83 /* PulseCore */ = {
			isa = XCSwiftPackageProductDependency;
			productName = PulseCore;
		};
		0C60228E280C78B4003B1E83 /* PulseUI */ = {
			isa = XCSwiftPackageProductDependency;
			productName = PulseUI;
		};
		0C602290280C78F5003B1E83 /* PulseCore */ = {
			isa = XCSwiftPackageProductDependency;
			productName = PulseCore;
		};
		0C602292280C78F5003B1E83 /* PulseUI */ = {
			isa = XCSwiftPackageProductDependency;
			productName = PulseUI;
		};
		0C602298280C79E7003B1E83 /* PulseCore */ = {
			isa = XCSwiftPackageProductDependency;
			productName = PulseCore;
		};
		0C60229A280C79E7003B1E83 /* PulseUI */ = {
			isa = XCSwiftPackageProductDependency;
			productName = PulseUI;
		};
/* End XCSwiftPackageProductDependency section */
	};
	rootObject = 0C57AD45245F0EFB005B3400 /* Project object */;
}
